
Microsoft Visual Studio Solution File, Format Version 12.00
# Visual Studio 2012
Project("{FAE04EC0-301F-11D3-BF4B-00C04F79EFBC}") = "SZ_PDFJsonPrint", "SZ_PDFJsonPrint\SZ_PDFJsonPrint.csproj", "{AABBA490-EBE5-4F56-AFE9-8CEB6D646DD1}"
EndProject
Project("{FAE04EC0-301F-11D3-BF4B-00C04F79EFBC}") = "SPJP.DB", "SPJP.DB\SPJP.DB.csproj", "{888CA61F-5948-478B-9B02-AC287ABB57AB}"
EndProject
Project("{FAE04EC0-301F-11D3-BF4B-00C04F79EFBC}") = "SPJP.Buiness", "SPJP.Buiness\SPJP.Buiness.csproj", "{BA5E9570-E85B-4B06-B70E-3AA93B2DE7BC}"
EndProject
Project("{FAE04EC0-301F-11D3-BF4B-00C04F79EFBC}") = "SPJP.Common", "SPJP.Common\SPJP.Common.csproj", "{D4CE7893-018F-4124-8454-ADAA2ABC28D2}"
EndProject
Project("{FAE04EC0-301F-11D3-BF4B-00C04F79EFBC}") = "Interface_Json", "Interface_Json\Interface_Json.csproj", "{D42E46EF-C729-4D7A-8C8C-4879F380F341}"
EndProject
Project("{6141683F-8A12-4E36-9623-2EB02B2C2303}") = "Setup", "Setup\Setup.isproj", "{24AA2363-8912-4A59-A631-0722BA9C43E1}"
EndProject
Global
	GlobalSection(SolutionConfigurationPlatforms) = preSolution
		CD_ROM|Any CPU = CD_ROM|Any CPU
		CD_ROM|Mixed Platforms = CD_ROM|Mixed Platforms
		CD_ROM|x86 = CD_ROM|x86
		Debug|Any CPU = Debug|Any CPU
		Debug|Mixed Platforms = Debug|Mixed Platforms
		Debug|x86 = Debug|x86
		DVD-5|Any CPU = DVD-5|Any CPU
		DVD-5|Mixed Platforms = DVD-5|Mixed Platforms
		DVD-5|x86 = DVD-5|x86
		Release|Any CPU = Release|Any CPU
		Release|Mixed Platforms = Release|Mixed Platforms
		Release|x86 = Release|x86
		SingleImage|Any CPU = SingleImage|Any CPU
		SingleImage|Mixed Platforms = SingleImage|Mixed Platforms
		SingleImage|x86 = SingleImage|x86
	EndGlobalSection
	GlobalSection(ProjectConfigurationPlatforms) = postSolution
		{AABBA490-EBE5-4F56-AFE9-8CEB6D646DD1}.CD_ROM|Any CPU.ActiveCfg = Release|Any CPU
		{AABBA490-EBE5-4F56-AFE9-8CEB6D646DD1}.CD_ROM|Any CPU.Build.0 = Release|Any CPU
		{AABBA490-EBE5-4F56-AFE9-8CEB6D646DD1}.CD_ROM|Mixed Platforms.ActiveCfg = Release|Any CPU
		{AABBA490-EBE5-4F56-AFE9-8CEB6D646DD1}.CD_ROM|Mixed Platforms.Build.0 = Release|Any CPU
		{AABBA490-EBE5-4F56-AFE9-8CEB6D646DD1}.CD_ROM|x86.ActiveCfg = Release|Any CPU
		{AABBA490-EBE5-4F56-AFE9-8CEB6D646DD1}.Debug|Any CPU.ActiveCfg = Debug|Any CPU
		{AABBA490-EBE5-4F56-AFE9-8CEB6D646DD1}.Debug|Any CPU.Build.0 = Debug|Any CPU
		{AABBA490-EBE5-4F56-AFE9-8CEB6D646DD1}.Debug|Mixed Platforms.ActiveCfg = Debug|Any CPU
		{AABBA490-EBE5-4F56-AFE9-8CEB6D646DD1}.Debug|Mixed Platforms.Build.0 = Debug|Any CPU
		{AABBA490-EBE5-4F56-AFE9-8CEB6D646DD1}.Debug|x86.ActiveCfg = Debug|Any CPU
		{AABBA490-EBE5-4F56-AFE9-8CEB6D646DD1}.DVD-5|Any CPU.ActiveCfg = Debug|Any CPU
		{AABBA490-EBE5-4F56-AFE9-8CEB6D646DD1}.DVD-5|Any CPU.Build.0 = Debug|Any CPU
		{AABBA490-EBE5-4F56-AFE9-8CEB6D646DD1}.DVD-5|Mixed Platforms.ActiveCfg = Debug|Any CPU
		{AABBA490-EBE5-4F56-AFE9-8CEB6D646DD1}.DVD-5|Mixed Platforms.Build.0 = Debug|Any CPU
		{AABBA490-EBE5-4F56-AFE9-8CEB6D646DD1}.DVD-5|x86.ActiveCfg = Debug|Any CPU
		{AABBA490-EBE5-4F56-AFE9-8CEB6D646DD1}.Release|Any CPU.ActiveCfg = Release|Any CPU
		{AABBA490-EBE5-4F56-AFE9-8CEB6D646DD1}.Release|Any CPU.Build.0 = Release|Any CPU
		{AABBA490-EBE5-4F56-AFE9-8CEB6D646DD1}.Release|Mixed Platforms.ActiveCfg = Release|Any CPU
		{AABBA490-EBE5-4F56-AFE9-8CEB6D646DD1}.Release|Mixed Platforms.Build.0 = Release|Any CPU
		{AABBA490-EBE5-4F56-AFE9-8CEB6D646DD1}.Release|x86.ActiveCfg = Release|Any CPU
		{AABBA490-EBE5-4F56-AFE9-8CEB6D646DD1}.SingleImage|Any CPU.ActiveCfg = Release|Any CPU
		{AABBA490-EBE5-4F56-AFE9-8CEB6D646DD1}.SingleImage|Any CPU.Build.0 = Release|Any CPU
		{AABBA490-EBE5-4F56-AFE9-8CEB6D646DD1}.SingleImage|Mixed Platforms.ActiveCfg = Debug|Any CPU
		{AABBA490-EBE5-4F56-AFE9-8CEB6D646DD1}.SingleImage|Mixed Platforms.Build.0 = Debug|Any CPU
		{AABBA490-EBE5-4F56-AFE9-8CEB6D646DD1}.SingleImage|x86.ActiveCfg = Release|Any CPU
		{888CA61F-5948-478B-9B02-AC287ABB57AB}.CD_ROM|Any CPU.ActiveCfg = Release|Any CPU
		{888CA61F-5948-478B-9B02-AC287ABB57AB}.CD_ROM|Any CPU.Build.0 = Release|Any CPU
		{888CA61F-5948-478B-9B02-AC287ABB57AB}.CD_ROM|Mixed Platforms.ActiveCfg = Release|Any CPU
		{888CA61F-5948-478B-9B02-AC287ABB57AB}.CD_ROM|Mixed Platforms.Build.0 = Release|Any CPU
		{888CA61F-5948-478B-9B02-AC287ABB57AB}.CD_ROM|x86.ActiveCfg = Release|Any CPU
		{888CA61F-5948-478B-9B02-AC287ABB57AB}.Debug|Any CPU.ActiveCfg = Debug|Any CPU
		{888CA61F-5948-478B-9B02-AC287ABB57AB}.Debug|Any CPU.Build.0 = Debug|Any CPU
		{888CA61F-5948-478B-9B02-AC287ABB57AB}.Debug|Mixed Platforms.ActiveCfg = Debug|Any CPU
		{888CA61F-5948-478B-9B02-AC287ABB57AB}.Debug|Mixed Platforms.Build.0 = Debug|Any CPU
		{888CA61F-5948-478B-9B02-AC287ABB57AB}.Debug|x86.ActiveCfg = Debug|Any CPU
		{888CA61F-5948-478B-9B02-AC287ABB57AB}.DVD-5|Any CPU.ActiveCfg = Debug|Any CPU
		{888CA61F-5948-478B-9B02-AC287ABB57AB}.DVD-5|Any CPU.Build.0 = Debug|Any CPU
		{888CA61F-5948-478B-9B02-AC287ABB57AB}.DVD-5|Mixed Platforms.ActiveCfg = Debug|Any CPU
		{888CA61F-5948-478B-9B02-AC287ABB57AB}.DVD-5|Mixed Platforms.Build.0 = Debug|Any CPU
		{888CA61F-5948-478B-9B02-AC287ABB57AB}.DVD-5|x86.ActiveCfg = Debug|Any CPU
		{888CA61F-5948-478B-9B02-AC287ABB57AB}.Release|Any CPU.ActiveCfg = Release|Any CPU
		{888CA61F-5948-478B-9B02-AC287ABB57AB}.Release|Any CPU.Build.0 = Release|Any CPU
		{888CA61F-5948-478B-9B02-AC287ABB57AB}.Release|Mixed Platforms.ActiveCfg = Release|Any CPU
		{888CA61F-5948-478B-9B02-AC287ABB57AB}.Release|Mixed Platforms.Build.0 = Release|Any CPU
		{888CA61F-5948-478B-9B02-AC287ABB57AB}.Release|x86.ActiveCfg = Release|Any CPU
		{888CA61F-5948-478B-9B02-AC287ABB57AB}.SingleImage|Any CPU.ActiveCfg = Release|Any CPU
		{888CA61F-5948-478B-9B02-AC287ABB57AB}.SingleImage|Any CPU.Build.0 = Release|Any CPU
		{888CA61F-5948-478B-9B02-AC287ABB57AB}.SingleImage|Mixed Platforms.ActiveCfg = Debug|Any CPU
		{888CA61F-5948-478B-9B02-AC287ABB57AB}.SingleImage|Mixed Platforms.Build.0 = Debug|Any CPU
		{888CA61F-5948-478B-9B02-AC287ABB57AB}.SingleImage|x86.ActiveCfg = Release|Any CPU
		{BA5E9570-E85B-4B06-B70E-3AA93B2DE7BC}.CD_ROM|Any CPU.ActiveCfg = Release|Any CPU
		{BA5E9570-E85B-4B06-B70E-3AA93B2DE7BC}.CD_ROM|Any CPU.Build.0 = Release|Any CPU
		{BA5E9570-E85B-4B06-B70E-3AA93B2DE7BC}.CD_ROM|Mixed Platforms.ActiveCfg = Release|Any CPU
		{BA5E9570-E85B-4B06-B70E-3AA93B2DE7BC}.CD_ROM|Mixed Platforms.Build.0 = Release|Any CPU
		{BA5E9570-E85B-4B06-B70E-3AA93B2DE7BC}.CD_ROM|x86.ActiveCfg = Release|Any CPU
		{BA5E9570-E85B-4B06-B70E-3AA93B2DE7BC}.Debug|Any CPU.ActiveCfg = Debug|Any CPU
		{BA5E9570-E85B-4B06-B70E-3AA93B2DE7BC}.Debug|Any CPU.Build.0 = Debug|Any CPU
		{BA5E9570-E85B-4B06-B70E-3AA93B2DE7BC}.Debug|Mixed Platforms.ActiveCfg = Debug|Any CPU
		{BA5E9570-E85B-4B06-B70E-3AA93B2DE7BC}.Debug|Mixed Platforms.Build.0 = Debug|Any CPU
		{BA5E9570-E85B-4B06-B70E-3AA93B2DE7BC}.Debug|x86.ActiveCfg = Debug|Any CPU
		{BA5E9570-E85B-4B06-B70E-3AA93B2DE7BC}.DVD-5|Any CPU.ActiveCfg = Debug|Any CPU
		{BA5E9570-E85B-4B06-B70E-3AA93B2DE7BC}.DVD-5|Any CPU.Build.0 = Debug|Any CPU
		{BA5E9570-E85B-4B06-B70E-3AA93B2DE7BC}.DVD-5|Mixed Platforms.ActiveCfg = Debug|Any CPU
		{BA5E9570-E85B-4B06-B70E-3AA93B2DE7BC}.DVD-5|Mixed Platforms.Build.0 = Debug|Any CPU
		{BA5E9570-E85B-4B06-B70E-3AA93B2DE7BC}.DVD-5|x86.ActiveCfg = Debug|Any CPU
		{BA5E9570-E85B-4B06-B70E-3AA93B2DE7BC}.Release|Any CPU.ActiveCfg = Release|Any CPU
		{BA5E9570-E85B-4B06-B70E-3AA93B2DE7BC}.Release|Any CPU.Build.0 = Release|Any CPU
		{BA5E9570-E85B-4B06-B70E-3AA93B2DE7BC}.Release|Mixed Platforms.ActiveCfg = Release|Any CPU
		{BA5E9570-E85B-4B06-B70E-3AA93B2DE7BC}.Release|Mixed Platforms.Build.0 = Release|Any CPU
		{BA5E9570-E85B-4B06-B70E-3AA93B2DE7BC}.Release|x86.ActiveCfg = Release|Any CPU
		{BA5E9570-E85B-4B06-B70E-3AA93B2DE7BC}.SingleImage|Any CPU.ActiveCfg = Release|Any CPU
		{BA5E9570-E85B-4B06-B70E-3AA93B2DE7BC}.SingleImage|Any CPU.Build.0 = Release|Any CPU
		{BA5E9570-E85B-4B06-B70E-3AA93B2DE7BC}.SingleImage|Mixed Platforms.ActiveCfg = Debug|Any CPU
		{BA5E9570-E85B-4B06-B70E-3AA93B2DE7BC}.SingleImage|Mixed Platforms.Build.0 = Debug|Any CPU
		{BA5E9570-E85B-4B06-B70E-3AA93B2DE7BC}.SingleImage|x86.ActiveCfg = Release|Any CPU
		{D4CE7893-018F-4124-8454-ADAA2ABC28D2}.CD_ROM|Any CPU.ActiveCfg = Release|Any CPU
		{D4CE7893-018F-4124-8454-ADAA2ABC28D2}.CD_ROM|Any CPU.Build.0 = Release|Any CPU
		{D4CE7893-018F-4124-8454-ADAA2ABC28D2}.CD_ROM|Mixed Platforms.ActiveCfg = Release|Any CPU
		{D4CE7893-018F-4124-8454-ADAA2ABC28D2}.CD_ROM|Mixed Platforms.Build.0 = Release|Any CPU
		{D4CE7893-018F-4124-8454-ADAA2ABC28D2}.CD_ROM|x86.ActiveCfg = Release|Any CPU
		{D4CE7893-018F-4124-8454-ADAA2ABC28D2}.Debug|Any CPU.ActiveCfg = Debug|Any CPU
		{D4CE7893-018F-4124-8454-ADAA2ABC28D2}.Debug|Any CPU.Build.0 = Debug|Any CPU
		{D4CE7893-018F-4124-8454-ADAA2ABC28D2}.Debug|Mixed Platforms.ActiveCfg = Debug|Any CPU
		{D4CE7893-018F-4124-8454-ADAA2ABC28D2}.Debug|Mixed Platforms.Build.0 = Debug|Any CPU
		{D4CE7893-018F-4124-8454-ADAA2ABC28D2}.Debug|x86.ActiveCfg = Debug|Any CPU
		{D4CE7893-018F-4124-8454-ADAA2ABC28D2}.DVD-5|Any CPU.ActiveCfg = Debug|Any CPU
		{D4CE7893-018F-4124-8454-ADAA2ABC28D2}.DVD-5|Any CPU.Build.0 = Debug|Any CPU
		{D4CE7893-018F-4124-8454-ADAA2ABC28D2}.DVD-5|Mixed Platforms.ActiveCfg = Debug|Any CPU
		{D4CE7893-018F-4124-8454-ADAA2ABC28D2}.DVD-5|Mixed Platforms.Build.0 = Debug|Any CPU
		{D4CE7893-018F-4124-8454-ADAA2ABC28D2}.DVD-5|x86.ActiveCfg = Debug|Any CPU
		{D4CE7893-018F-4124-8454-ADAA2ABC28D2}.Release|Any CPU.ActiveCfg = Release|Any CPU
		{D4CE7893-018F-4124-8454-ADAA2ABC28D2}.Release|Any CPU.Build.0 = Release|Any CPU
		{D4CE7893-018F-4124-8454-ADAA2ABC28D2}.Release|Mixed Platforms.ActiveCfg = Release|Any CPU
		{D4CE7893-018F-4124-8454-ADAA2ABC28D2}.Release|Mixed Platforms.Build.0 = Release|Any CPU
		{D4CE7893-018F-4124-8454-ADAA2ABC28D2}.Release|x86.ActiveCfg = Release|Any CPU
		{D4CE7893-018F-4124-8454-ADAA2ABC28D2}.SingleImage|Any CPU.ActiveCfg = Release|Any CPU
		{D4CE7893-018F-4124-8454-ADAA2ABC28D2}.SingleImage|Any CPU.Build.0 = Release|Any CPU
		{D4CE7893-018F-4124-8454-ADAA2ABC28D2}.SingleImage|Mixed Platforms.ActiveCfg = Debug|Any CPU
		{D4CE7893-018F-4124-8454-ADAA2ABC28D2}.SingleImage|Mixed Platforms.Build.0 = Debug|Any CPU
		{D4CE7893-018F-4124-8454-ADAA2ABC28D2}.SingleImage|x86.ActiveCfg = Release|Any CPU
		{D42E46EF-C729-4D7A-8C8C-4879F380F341}.CD_ROM|Any CPU.ActiveCfg = Release|Any CPU
		{D42E46EF-C729-4D7A-8C8C-4879F380F341}.CD_ROM|Any CPU.Build.0 = Release|Any CPU
		{D42E46EF-C729-4D7A-8C8C-4879F380F341}.CD_ROM|Mixed Platforms.ActiveCfg = Release|Any CPU
		{D42E46EF-C729-4D7A-8C8C-4879F380F341}.CD_ROM|Mixed Platforms.Build.0 = Release|Any CPU
		{D42E46EF-C729-4D7A-8C8C-4879F380F341}.CD_ROM|x86.ActiveCfg = Release|Any CPU
		{D42E46EF-C729-4D7A-8C8C-4879F380F341}.Debug|Any CPU.ActiveCfg = Debug|Any CPU
		{D42E46EF-C729-4D7A-8C8C-4879F380F341}.Debug|Any CPU.Build.0 = Debug|Any CPU
		{D42E46EF-C729-4D7A-8C8C-4879F380F341}.Debug|Mixed Platforms.ActiveCfg = Debug|Any CPU
		{D42E46EF-C729-4D7A-8C8C-4879F380F341}.Debug|Mixed Platforms.Build.0 = Debug|Any CPU
		{D42E46EF-C729-4D7A-8C8C-4879F380F341}.Debug|x86.ActiveCfg = Debug|Any CPU
		{D42E46EF-C729-4D7A-8C8C-4879F380F341}.DVD-5|Any CPU.ActiveCfg = Debug|Any CPU
		{D42E46EF-C729-4D7A-8C8C-4879F380F341}.DVD-5|Any CPU.Build.0 = Debug|Any CPU
		{D42E46EF-C729-4D7A-8C8C-4879F380F341}.DVD-5|Mixed Platforms.ActiveCfg = Debug|Any CPU
		{D42E46EF-C729-4D7A-8C8C-4879F380F341}.DVD-5|Mixed Platforms.Build.0 = Debug|Any CPU
		{D42E46EF-C729-4D7A-8C8C-4879F380F341}.DVD-5|x86.ActiveCfg = Debug|Any CPU
		{D42E46EF-C729-4D7A-8C8C-4879F380F341}.Release|Any CPU.ActiveCfg = Release|Any CPU
		{D42E46EF-C729-4D7A-8C8C-4879F380F341}.Release|Any CPU.Build.0 = Release|Any CPU
		{D42E46EF-C729-4D7A-8C8C-4879F380F341}.Release|Mixed Platforms.ActiveCfg = Release|Any CPU
		{D42E46EF-C729-4D7A-8C8C-4879F380F341}.Release|Mixed Platforms.Build.0 = Release|Any CPU
		{D42E46EF-C729-4D7A-8C8C-4879F380F341}.Release|x86.ActiveCfg = Release|Any CPU
		{D42E46EF-C729-4D7A-8C8C-4879F380F341}.SingleImage|Any CPU.ActiveCfg = Release|Any CPU
		{D42E46EF-C729-4D7A-8C8C-4879F380F341}.SingleImage|Any CPU.Build.0 = Release|Any CPU
		{D42E46EF-C729-4D7A-8C8C-4879F380F341}.SingleImage|Mixed Platforms.ActiveCfg = Debug|Any CPU
		{D42E46EF-C729-4D7A-8C8C-4879F380F341}.SingleImage|Mixed Platforms.Build.0 = Debug|Any CPU
		{D42E46EF-C729-4D7A-8C8C-4879F380F341}.SingleImage|x86.ActiveCfg = Release|Any CPU
		{24AA2363-8912-4A59-A631-0722BA9C43E1}.CD_ROM|Any CPU.ActiveCfg = CD_ROM
		{24AA2363-8912-4A59-A631-0722BA9C43E1}.CD_ROM|Any CPU.Build.0 = CD_ROM
		{24AA2363-8912-4A59-A631-0722BA9C43E1}.CD_ROM|Mixed Platforms.ActiveCfg = CD_ROM
		{24AA2363-8912-4A59-A631-0722BA9C43E1}.CD_ROM|Mixed Platforms.Build.0 = CD_ROM
		{24AA2363-8912-4A59-A631-0722BA9C43E1}.CD_ROM|x86.ActiveCfg = CD_ROM
		{24AA2363-8912-4A59-A631-0722BA9C43E1}.CD_ROM|x86.Build.0 = CD_ROM
		{24AA2363-8912-4A59-A631-0722BA9C43E1}.Debug|Any CPU.ActiveCfg = DVD-5
		{24AA2363-8912-4A59-A631-0722BA9C43E1}.Debug|Any CPU.Build.0 = DVD-5
		{24AA2363-8912-4A59-A631-0722BA9C43E1}.Debug|Mixed Platforms.ActiveCfg = DVD-5
		{24AA2363-8912-4A59-A631-0722BA9C43E1}.Debug|Mixed Platforms.Build.0 = DVD-5
		{24AA2363-8912-4A59-A631-0722BA9C43E1}.Debug|x86.ActiveCfg = DVD-5
		{24AA2363-8912-4A59-A631-0722BA9C43E1}.Debug|x86.Build.0 = DVD-5
		{24AA2363-8912-4A59-A631-0722BA9C43E1}.DVD-5|Any CPU.ActiveCfg = DVD-5
		{24AA2363-8912-4A59-A631-0722BA9C43E1}.DVD-5|Any CPU.Build.0 = DVD-5
		{24AA2363-8912-4A59-A631-0722BA9C43E1}.DVD-5|Mixed Platforms.ActiveCfg = DVD-5
		{24AA2363-8912-4A59-A631-0722BA9C43E1}.DVD-5|Mixed Platforms.Build.0 = DVD-5
		{24AA2363-8912-4A59-A631-0722BA9C43E1}.DVD-5|x86.ActiveCfg = DVD-5
		{24AA2363-8912-4A59-A631-0722BA9C43E1}.DVD-5|x86.Build.0 = DVD-5
		{24AA2363-8912-4A59-A631-0722BA9C43E1}.Release|Any CPU.ActiveCfg = SingleImage
		{24AA2363-8912-4A59-A631-0722BA9C43E1}.Release|Any CPU.Build.0 = SingleImage
		{24AA2363-8912-4A59-A631-0722BA9C43E1}.Release|Mixed Platforms.ActiveCfg = SingleImage
		{24AA2363-8912-4A59-A631-0722BA9C43E1}.Release|Mixed Platforms.Build.0 = SingleImage
		{24AA2363-8912-4A59-A631-0722BA9C43E1}.Release|x86.ActiveCfg = SingleImage
		{24AA2363-8912-4A59-A631-0722BA9C43E1}.Release|x86.Build.0 = SingleImage
		{24AA2363-8912-4A59-A631-0722BA9C43E1}.SingleImage|Any CPU.ActiveCfg = SingleImage
		{24AA2363-8912-4A59-A631-0722BA9C43E1}.SingleImage|Any CPU.Build.0 = SingleImage
		{24AA2363-8912-4A59-A631-0722BA9C43E1}.SingleImage|Mixed Platforms.ActiveCfg = SingleImage
		{24AA2363-8912-4A59-A631-0722BA9C43E1}.SingleImage|Mixed Platforms.Build.0 = SingleImage
		{24AA2363-8912-4A59-A631-0722BA9C43E1}.SingleImage|x86.ActiveCfg = SingleImage
		{24AA2363-8912-4A59-A631-0722BA9C43E1}.SingleImage|x86.Build.0 = SingleImage
	EndGlobalSection
	GlobalSection(SolutionProperties) = preSolution
		HideSolutionNode = FALSE
	EndGlobalSection
EndGlobal
